
Microsoft Visual Studio Solution File, Format Version 11.00
# Visual Studio 2010
# SharpDevelop 5.1
Project("{FAE04EC0-301F-11D3-BF4B-00C04F79EFBC}") = "Tugas_Projek_Pertemaun4_PemrogramanVisual_201401011", "Tugas_Projek_Pertemaun4_PemrogramanVisual_201401011\Tugas_Projek_Pertemaun4_PemrogramanVisual_201401011.csproj", "{D071BA43-DF0F-4EF9-A6AF-C229157588C0}"
EndProject
Global
	GlobalSection(SolutionConfigurationPlatforms) = preSolution
		Debug|Any CPU = Debug|Any CPU
		Release|Any CPU = Release|Any CPU
	EndGlobalSection
	GlobalSection(ProjectConfigurationPlatforms) = postSolution
		{D071BA43-DF0F-4EF9-A6AF-C229157588C0}.Debug|Any CPU.ActiveCfg = Debug|Any CPU
		{D071BA43-DF0F-4EF9-A6AF-C229157588C0}.Debug|Any CPU.Build.0 = Debug|Any CPU
		{D071BA43-DF0F-4EF9-A6AF-C229157588C0}.Release|Any CPU.ActiveCfg = Release|Any CPU
		{D071BA43-DF0F-4EF9-A6AF-C229157588C0}.Release|Any CPU.Build.0 = Release|Any CPU
	EndGlobalSection
EndGlobal
